
Microsoft Visual Studio Solution File, Format Version 12.00
# Visual Studio 15
VisualStudioVersion = 15.0.27130.2027
MinimumVisualStudioVersion = 10.0.40219.1
Project("{FAE04EC0-301F-11D3-BF4B-00C04F79EFBC}") = "GitApp", "GitApp\GitApp.csproj", "{93A378AB-1D4D-4AFC-8C6B-5F47F6D9A29D}"
EndProject
Global
	GlobalSection(SolutionConfigurationPlatforms) = preSolution
		Debug|Any CPU = Debug|Any CPU
		Release|Any CPU = Release|Any CPU
	EndGlobalSection
	GlobalSection(ProjectConfigurationPlatforms) = postSolution
		{93A378AB-1D4D-4AFC-8C6B-5F47F6D9A29D}.Debug|Any CPU.ActiveCfg = Debug|Any CPU
		{93A378AB-1D4D-4AFC-8C6B-5F47F6D9A29D}.Debug|Any CPU.Build.0 = Debug|Any CPU
		{93A378AB-1D4D-4AFC-8C6B-5F47F6D9A29D}.Release|Any CPU.ActiveCfg = Release|Any CPU
		{93A378AB-1D4D-4AFC-8C6B-5F47F6D9A29D}.Release|Any CPU.Build.0 = Release|Any CPU
	EndGlobalSection
	GlobalSection(SolutionProperties) = preSolution
		HideSolutionNode = FALSE
	EndGlobalSection
	GlobalSection(ExtensibilityGlobals) = postSolution
		SolutionGuid = {451B708C-8A2F-4097-A4AA-BEB6E051C7D8}
	EndGlobalSection
EndGlobal
